
Microsoft Visual Studio Solution File, Format Version 12.00
# Visual Studio 15
VisualStudioVersion = 15.0.27130.2010
MinimumVisualStudioVersion = 10.0.40219.1
Project("{9A19103F-16F7-4668-BE54-9A1E7A4F7556}") = "SkillWars", "SkillWars\SkillWars.csproj", "{C54E07CA-4841-4FDC-8535-AFEA9639A0A2}"
EndProject
Project("{FAE04EC0-301F-11D3-BF4B-00C04F79EFBC}") = "Common", "Common\Common.csproj", "{62EF5EA4-596C-46D1-ABF8-1D432B2B787F}"
EndProject
Project("{FAE04EC0-301F-11D3-BF4B-00C04F79EFBC}") = "DataAccessLayer", "DataAccessLayer\DataAccessLayer.csproj", "{A9DAAD04-A049-443C-BBBD-77032F79FC39}"
EndProject
Project("{FAE04EC0-301F-11D3-BF4B-00C04F79EFBC}") = "Services", "Services\Services.csproj", "{B563F033-62A6-4745-9257-E52FB9FA6A16}"
EndProject
Project("{FAE04EC0-301F-11D3-BF4B-00C04F79EFBC}") = "WebSocketLayer", "WebSocketLayer\WebSocketLayer.csproj", "{78B7CDB9-CF73-438D-8731-C2FB42257003}"
EndProject
Global
	GlobalSection(SolutionConfigurationPlatforms) = preSolution
		Debug|Any CPU = Debug|Any CPU
		Release|Any CPU = Release|Any CPU
	EndGlobalSection
	GlobalSection(ProjectConfigurationPlatforms) = postSolution
		{C54E07CA-4841-4FDC-8535-AFEA9639A0A2}.Debug|Any CPU.ActiveCfg = Debug|Any CPU
		{C54E07CA-4841-4FDC-8535-AFEA9639A0A2}.Debug|Any CPU.Build.0 = Debug|Any CPU
		{C54E07CA-4841-4FDC-8535-AFEA9639A0A2}.Release|Any CPU.ActiveCfg = Release|Any CPU
		{C54E07CA-4841-4FDC-8535-AFEA9639A0A2}.Release|Any CPU.Build.0 = Release|Any CPU
		{62EF5EA4-596C-46D1-ABF8-1D432B2B787F}.Debug|Any CPU.ActiveCfg = Debug|Any CPU
		{62EF5EA4-596C-46D1-ABF8-1D432B2B787F}.Debug|Any CPU.Build.0 = Debug|Any CPU
		{62EF5EA4-596C-46D1-ABF8-1D432B2B787F}.Release|Any CPU.ActiveCfg = Release|Any CPU
		{62EF5EA4-596C-46D1-ABF8-1D432B2B787F}.Release|Any CPU.Build.0 = Release|Any CPU
		{A9DAAD04-A049-443C-BBBD-77032F79FC39}.Debug|Any CPU.ActiveCfg = Debug|Any CPU
		{A9DAAD04-A049-443C-BBBD-77032F79FC39}.Debug|Any CPU.Build.0 = Debug|Any CPU
		{A9DAAD04-A049-443C-BBBD-77032F79FC39}.Release|Any CPU.ActiveCfg = Release|Any CPU
		{A9DAAD04-A049-443C-BBBD-77032F79FC39}.Release|Any CPU.Build.0 = Release|Any CPU
		{B563F033-62A6-4745-9257-E52FB9FA6A16}.Debug|Any CPU.ActiveCfg = Debug|Any CPU
		{B563F033-62A6-4745-9257-E52FB9FA6A16}.Debug|Any CPU.Build.0 = Debug|Any CPU
		{B563F033-62A6-4745-9257-E52FB9FA6A16}.Release|Any CPU.ActiveCfg = Release|Any CPU
		{B563F033-62A6-4745-9257-E52FB9FA6A16}.Release|Any CPU.Build.0 = Release|Any CPU
		{78B7CDB9-CF73-438D-8731-C2FB42257003}.Debug|Any CPU.ActiveCfg = Debug|Any CPU
		{78B7CDB9-CF73-438D-8731-C2FB42257003}.Debug|Any CPU.Build.0 = Debug|Any CPU
		{78B7CDB9-CF73-438D-8731-C2FB42257003}.Release|Any CPU.ActiveCfg = Release|Any CPU
		{78B7CDB9-CF73-438D-8731-C2FB42257003}.Release|Any CPU.Build.0 = Release|Any CPU
	EndGlobalSection
	GlobalSection(SolutionProperties) = preSolution
		HideSolutionNode = FALSE
	EndGlobalSection
	GlobalSection(ExtensibilityGlobals) = postSolution
		SolutionGuid = {E15D4F43-EBE9-4505-8206-5DD5DD3F9E44}
	EndGlobalSection
EndGlobal
